
Microsoft Visual Studio Solution File, Format Version 12.00
# Visual Studio Version 16
VisualStudioVersion = 16.0.31112.23
MinimumVisualStudioVersion = 10.0.40219.1
Project("{9A19103F-16F7-4668-BE54-9A1E7A4F7556}") = "GucluConsultancy", "GucluConsultancy\GucluConsultancy.csproj", "{677D3BD9-2CDE-431C-B17E-A95B343C3E22}"
EndProject
Global
	GlobalSection(SolutionConfigurationPlatforms) = preSolution
		Debug|Any CPU = Debug|Any CPU
		Release|Any CPU = Release|Any CPU
	EndGlobalSection
	GlobalSection(ProjectConfigurationPlatforms) = postSolution
		{677D3BD9-2CDE-431C-B17E-A95B343C3E22}.Debug|Any CPU.ActiveCfg = Debug|Any CPU
		{677D3BD9-2CDE-431C-B17E-A95B343C3E22}.Debug|Any CPU.Build.0 = Debug|Any CPU
		{677D3BD9-2CDE-431C-B17E-A95B343C3E22}.Release|Any CPU.ActiveCfg = Release|Any CPU
		{677D3BD9-2CDE-431C-B17E-A95B343C3E22}.Release|Any CPU.Build.0 = Release|Any CPU
	EndGlobalSection
	GlobalSection(SolutionProperties) = preSolution
		HideSolutionNode = FALSE
	EndGlobalSection
	GlobalSection(ExtensibilityGlobals) = postSolution
		SolutionGuid = {FFDB5597-6B05-4006-846B-875A31A15B80}
	EndGlobalSection
EndGlobal
